
Microsoft Visual Studio Solution File, Format Version 12.00
# Visual Studio 15
VisualStudioVersion = 15.0.27130.2010
MinimumVisualStudioVersion = 10.0.40219.1
Project("{FAE04EC0-301F-11D3-BF4B-00C04F79EFBC}") = "CSHP230_Final.WebForms", "CSHP230_Final.WebForms\CSHP230_Final.WebForms.csproj", "{51999C31-A519-4BC8-92EC-2953953613B1}"
EndProject
Project("{FAE04EC0-301F-11D3-BF4B-00C04F79EFBC}") = "CSHP230_Final.WebForms.Tests", "CSHP230_Final.WebForms.Tests\CSHP230_Final.WebForms.Tests.csproj", "{2EA27FA9-1FDD-4F5E-8C23-2EF577622500}"
EndProject
Global
	GlobalSection(SolutionConfigurationPlatforms) = preSolution
		Debug|Any CPU = Debug|Any CPU
		Release|Any CPU = Release|Any CPU
	EndGlobalSection
	GlobalSection(ProjectConfigurationPlatforms) = postSolution
		{51999C31-A519-4BC8-92EC-2953953613B1}.Debug|Any CPU.ActiveCfg = Debug|Any CPU
		{51999C31-A519-4BC8-92EC-2953953613B1}.Debug|Any CPU.Build.0 = Debug|Any CPU
		{51999C31-A519-4BC8-92EC-2953953613B1}.Release|Any CPU.ActiveCfg = Release|Any CPU
		{51999C31-A519-4BC8-92EC-2953953613B1}.Release|Any CPU.Build.0 = Release|Any CPU
		{2EA27FA9-1FDD-4F5E-8C23-2EF577622500}.Debug|Any CPU.ActiveCfg = Debug|Any CPU
		{2EA27FA9-1FDD-4F5E-8C23-2EF577622500}.Debug|Any CPU.Build.0 = Debug|Any CPU
		{2EA27FA9-1FDD-4F5E-8C23-2EF577622500}.Release|Any CPU.ActiveCfg = Release|Any CPU
		{2EA27FA9-1FDD-4F5E-8C23-2EF577622500}.Release|Any CPU.Build.0 = Release|Any CPU
	EndGlobalSection
	GlobalSection(SolutionProperties) = preSolution
		HideSolutionNode = FALSE
	EndGlobalSection
	GlobalSection(ExtensibilityGlobals) = postSolution
		SolutionGuid = {53EA2D34-0198-47EC-AF30-92382821A88B}
	EndGlobalSection
EndGlobal
